# This file is autogenerated, do not edit; changes may be undone by the next 'dep ensure'.


[[projects]]
  digest = "1:e0499b93857a1b91efbdc0c21e26f1130685de98035008f3b01eeeb0713798cb"
  name = "github.com/BurntSushi/toml"
  packages = ["."]
  pruneopts = "NUT"
  revision = "b26d9c308763d68093482582cea63d69be07a0f0"
  version = "v0.3.0"

[[projects]]
  branch = "master"
  digest = "1:ad87504ef74b1c36880f9287126dbc8dc4146d86acf902dd776ac6064cc75396"
  name = "github.com/btcsuite/btcd"
  packages = ["btcec"]
  pruneopts = "NUT"
  revision = "f673a4b563b57b9a95832545c878669a7fa801d9"

[[projects]]
  digest = "1:a2c1d0e43bd3baaa071d1b9ed72c27d78169b2b269f71c105ac4ba34b1be4a39"
  name = "github.com/davecgh/go-spew"
  packages = ["spew"]
  pruneopts = "NUT"
  revision = "346938d642f2ec3594ed81d874461961cd0faa76"
  version = "v1.1.0"

[[projects]]
  digest = "1:4f0ac2a7cc350b14c72a9de0de046b908482d6f16183c8570ee4d6e17adc6a94"
  name = "github.com/eapache/channels"
  packages = ["."]
  pruneopts = "NUT"
  revision = "47238d5aae8c0fefd518ef2bee46290909cf8263"
  version = "v1.1.0"

[[projects]]
  digest = "1:0d36a2b325b9e75f8057f7f9fbe778d348d70ba652cb9335485b69d1a5c4e038"
  name = "github.com/eapache/queue"
  packages = ["."]
  pruneopts = "NUT"
  revision = "44cc805cf13205b55f69e14bcb69867d1ae92f98"
  version = "v1.1.0"

[[projects]]
  branch = "master"
  digest = "1:294576320c5093015ca9130ed928c84b2fdc8b9db6d136505a513795f3a64e3e"
  name = "github.com/ebuchman/fail-test"
  packages = ["."]
  pruneopts = "NUT"
  revision = "95f809107225be108efcf10a3509e4ea6ceef3c4"

[[projects]]
  branch = "master"
  digest = "1:23edf5aaca7a1f15d68215ac41595c0732152757e9d7b3f282821222784049f1"
  name = "github.com/gin-contrib/sse"
  packages = ["."]
  pruneopts = "NUT"
  revision = "22d885f9ecc78bf4ee5d72b937e4bbcdc58e8cae"

[[projects]]
  digest = "1:9ab37684216559c96004c817c212154f514feef7755093414ee7fbc6881dca8f"
  name = "github.com/gin-gonic/gin"
  packages = [
    ".",
    "binding",
    "render",
  ]
  pruneopts = "NUT"
  revision = "d459835d2b077e44f7c9b453505ee29881d5d12d"
  version = "v1.2"

[[projects]]
  digest = "1:5a6f43bb19bea1e7894542a80c6e95bab099c380dd90abebd76d3938e8c66567"
  name = "github.com/go-kit/kit"
  packages = [
    "log",
    "log/level",
    "log/term",
  ]
  pruneopts = "NUT"
  revision = "4dc7be5d2d12881735283bcab7352178e190fc71"
  version = "v0.6.0"

[[projects]]
  digest = "1:341a7df38da99fe91ed40e4008c13cc5d02dcc98ed1a094360cb7d5df26d6d26"
  name = "github.com/go-logfmt/logfmt"
  packages = ["."]
  pruneopts = "NUT"
  revision = "390ab7935ee28ec6b286364bba9b4dd6410cb3d5"
  version = "v0.3.0"

[[projects]]
  digest = "1:a1efdbc2762667c8a41cbf02b19a0549c846bf2c1d08cad4f445e3344089f1f0"
  name = "github.com/go-stack/stack"
  packages = ["."]
  pruneopts = "NUT"
  revision = "259ab82a6cad3992b4e21ff5cac294ccb06474bc"
  version = "v1.7.0"

[[projects]]
  digest = "1:212285efb97b9ec2e20550d81f0446cb7897e57cbdfd7301b1363ab113d8be45"
  name = "github.com/gogo/protobuf"
  packages = [
    "gogoproto",
    "jsonpb",
    "proto",
    "protoc-gen-gogo/descriptor",
    "sortkeys",
    "types",
  ]
  pruneopts = "UT"
  revision = "636bf0302bc95575d69441b25a2603156ffdddf1"
  version = "v1.1.1"

[[projects]]
  digest = "1:713cc7628304d027a7e9edcb52da888a8912d6405250a8d9c8eff6f41dd54398"
  name = "github.com/golang/protobuf"
  packages = [
    "proto",
    "ptypes",
    "ptypes/any",
    "ptypes/duration",
    "ptypes/timestamp",
  ]
  pruneopts = "NUT"
  revision = "b4deda0973fb4c70b50d226b1af49f3da59f5265"
  version = "v1.1.0"

[[projects]]
  branch = "master"
  digest = "1:7f114b78210bf5b75f307fc97cff293633c835bab1e0ea8a744a44b39c042dfe"
  name = "github.com/golang/snappy"
  packages = ["."]
  pruneopts = "NUT"
  revision = "2e65f85255dbc3072edf28d6b5b8efc472979f5a"

[[projects]]
  digest = "1:3b708ebf63bfa9ba3313bedb8526bc0bb284e51474e65e958481476a9d4a12aa"
  name = "github.com/gorilla/websocket"
  packages = ["."]
  pruneopts = "NUT"
  revision = "ea4d1f681babbce9545c9c5f3d5194a789c89f5b"
  version = "v1.2.0"

[[projects]]
  digest = "1:d3a06486aa5a335e2b2455750d94ae838d51da7edfc622d93a5184240ea96572"
  name = "github.com/hyperledger/burrow"
  packages = [
    "account",
    "account/state",
    "binary",
    "crypto",
    "event",
    "event/query",
    "execution/errors",
    "execution/events",
    "execution/evm",
    "execution/evm/abi",
    "execution/evm/asm",
    "execution/evm/asm/bc",
    "execution/evm/sha3",
    "execution/names",
    "genesis",
    "genesis/spec",
    "keys",
    "keys/pbkeys",
    "logging",
    "logging/adapters/stdlib",
    "logging/config",
    "logging/errors",
    "logging/lifecycle",
    "logging/loggers",
    "logging/structure",
    "permission",
    "permission/snatives",
    "permission/types",
    "process",
    "txs",
    "txs/payload",
  ]
  pruneopts = "NUT"
  revision = "aaa3e9d2f20104a561b011de3965ce742760ce53"
  version = "v0.19.0"

[[projects]]
  digest = "1:fa8175fc1639f717d9462d6c507d92b174662db600997f1b4a92aae0571c23de"
  name = "github.com/jawher/mow.cli"
  packages = [
    ".",
    "internal/container",
    "internal/flow",
    "internal/fsm",
    "internal/lexer",
    "internal/matcher",
    "internal/parser",
    "internal/values",
  ]
  pruneopts = "NUT"
  revision = "2f22195f169da29d54624afd9eb83ada5c9e4ee9"
  version = "v1.0.4"

[[projects]]
  branch = "master"
  digest = "1:3d24306f696fc55f4773ba2ea288be218ca725b572e714483e65de169c731845"
  name = "github.com/jmhodges/levigo"
  packages = ["."]
  pruneopts = "NUT"
  revision = "c42d9e0ca023e2198120196f842701bb4c55d7b9"

[[projects]]
  branch = "master"
  digest = "1:f91bb67d051a94cf6ab2cf07eee0550432afc31655838d42cdec258db4b348f0"
  name = "github.com/kr/logfmt"
  packages = ["."]
  pruneopts = "NUT"
  revision = "b84e30acd515aadc4b783ad4ff83aff3299bdfe0"

[[projects]]
  digest = "1:bc4f7eec3b7be8c6cb1f0af6c1e3333d5bb71072951aaaae2f05067b0803f287"
  name = "github.com/mattn/go-isatty"
  packages = ["."]
  pruneopts = "NUT"
  revision = "0360b2af4f38e8d38c7fce2a9f4e702702d73a39"
  version = "v0.0.3"

[[projects]]
  branch = "master"
  digest = "1:b9b9f43a8a410d633e6547f89e830926741070941f2243d4d3a0bb154f565c9e"
  name = "github.com/mr-tron/base58"
  packages = ["base58"]
  pruneopts = "NUT"
  revision = "4df4dc6e86a912614d09719d10cad427b087cbfb"

[[projects]]
  digest = "1:5cf3f025cbee5951a4ee961de067c8a89fc95a5adabead774f82822efabab121"
  name = "github.com/pkg/errors"
  packages = ["."]
  pruneopts = "NUT"
  revision = "645ef00459ed84a119197bfb8d8205042c6df63d"
  version = "v0.8.0"

[[projects]]
  digest = "1:0028cb19b2e4c3112225cd871870f2d9cf49b9b4276531f03438a88e94be86fe"
  name = "github.com/pmezard/go-difflib"
  packages = ["difflib"]
  pruneopts = "NUT"
  revision = "792786c7400a136282c1664665ae0a8db921c6c2"
  version = "v1.0.0"

[[projects]]
  branch = "master"
  digest = "1:47201ae9986674849b91deb7eb8c5625d84b387ff1ae161a4ae3eb62779217cb"
  name = "github.com/streadway/simpleuuid"
  packages = ["."]
  pruneopts = "NUT"
  revision = "6617b501e485b77e61b98cd533aefff9e258b5a7"

[[projects]]
  digest = "1:a7cb71e7cef4a320ae6d91424df8f991ed4161aede6dea7ba8d8f3af1b589a6c"
  name = "github.com/stretchr/testify"
  packages = [
    "assert",
    "require",
  ]
  pruneopts = "NUT"
  revision = "f35b8ab0b5a2cef36673838d662e249dd9c94686"
  version = "v1.2.2"

[[projects]]
  branch = "master"
  digest = "1:922191411ad8f61bcd8018ac127589bb489712c1d1a0ab2497aca4b16de417d2"
  name = "github.com/syndtr/goleveldb"
  packages = [
    "leveldb",
    "leveldb/cache",
    "leveldb/comparer",
    "leveldb/errors",
    "leveldb/filter",
    "leveldb/iterator",
    "leveldb/journal",
    "leveldb/memdb",
    "leveldb/opt",
    "leveldb/storage",
    "leveldb/table",
    "leveldb/util",
  ]
  pruneopts = "NUT"
  revision = "c4c61651e9e37fa117f53c5a906d3b63090d8445"

[[projects]]
  digest = "1:b8a05190f9aa37b0ab5b29b480797306b221709ffcb4a0ed9946cc7110849c07"
  name = "github.com/tendermint/abci"
  packages = [
    "client",
    "example/code",
    "example/kvstore",
    "types",
  ]
  pruneopts = "UT"
  revision = "198dccf0ddfd1bb176f87657e3286a05a6ed9540"
  version = "v0.12.0"

[[projects]]
  branch = "master"
  digest = "1:203b409c21115233a576f99e8f13d8e07ad82b25500491f7e1cca12588fb3232"
  name = "github.com/tendermint/ed25519"
  packages = [
    ".",
    "edwards25519",
    "extra25519",
  ]
  pruneopts = "NUT"
  revision = "d8387025d2b9d158cf4efb07e7ebf814bcce2057"

[[projects]]
  digest = "1:0457834dfbe7dfd39c9e2d99147bde666094819e85728eb235a122943660256c"
  name = "github.com/tendermint/go-amino"
  packages = ["."]
  pruneopts = "NUT"
  revision = "ed62928576cfcaf887209dc96142cd79cdfff389"
  version = "0.9.9"

[[projects]]
  digest = "1:9b0716c497677d6404499b2931cbfac90943d20302b90128b2979b5e1fcb09f5"
  name = "github.com/tendermint/go-crypto"
  packages = ["."]
  pruneopts = "NUT"
  revision = "915416979bf70efa4bcbf1c6cd5d64c5fff9fc19"
  version = "v0.6.2"

[[projects]]
  digest = "1:91de33917aa98c06cb0f32867908071dd6992fff80347c37fc592165051957a0"
  name = "github.com/tendermint/iavl"
  packages = [
    ".",
    "sha256truncated",
  ]
  pruneopts = "NUT"
  revision = "c9206995e8f948e99927f5084a88a7e94ca256da"
  version = "v0.8.0-rc0"

[[projects]]
  digest = "1:0bde6563ae9ebe48770735120ee223a8761e8ec23fde4f36995bbbb4ea69d1ca"
  name = "github.com/tendermint/tendermint"
  packages = [
    "blockchain",
    "config",
    "consensus",
    "consensus/types",
    "evidence",
    "libs/events",
    "libs/pubsub",
    "libs/pubsub/query",
    "mempool",
    "node",
    "p2p",
    "p2p/conn",
    "p2p/pex",
    "p2p/upnp",
    "privval",
    "proxy",
    "rpc/core",
    "rpc/core/types",
    "rpc/grpc",
    "rpc/lib",
    "rpc/lib/server",
    "rpc/lib/types",
    "state",
    "state/txindex",
    "state/txindex/kv",
    "state/txindex/null",
    "types",
    "version",
  ]
  pruneopts = "NUT"
  revision = "46369a1ab76f274ab47179c4176221842b8207b4"
  version = "v0.21.0"

[[projects]]
  digest = "1:1e17077c52b3c68e5ec1059ed078210e8b1030eb30ad23a69b924e7f30bd0132"
  name = "github.com/tendermint/tmlibs"
  packages = [
    "autofile",
    "clist",
    "common",
    "db",
    "flowrate",
    "log",
    "merkle",
  ]
  pruneopts = "UT"
  revision = "692f1d86a6e2c0efa698fd1e4541b68c74ffaf38"
  version = "v0.8.4"

[[projects]]
  branch = "master"
  digest = "1:ac0a19060bcaafa2abdeebbc9a40cdca961039cd01e639a0b728fdb7b8d2200a"
  name = "github.com/tmthrgd/asm"
  packages = ["."]
  pruneopts = "NUT"
  revision = "e7da50cc23089806f643a8a72d1e6e2b4daefe91"

[[projects]]
  branch = "master"
  digest = "1:cca27d0506f054ec7cef0eb1e60dd770e60337b83f4534e6316921bd288c4340"
  name = "github.com/tmthrgd/go-hex"
  packages = ["."]
  pruneopts = "NUT"
  revision = "a82aa03cedda71045967f5cc69c22cada26f4e6c"

[[projects]]
  branch = "master"
  digest = "1:9e7492a04ccdef4034b0090eae105de019bf6e729af129c9c4ce8aeabf2c8794"
  name = "github.com/tommy351/gin-cors"
  packages = ["."]
  pruneopts = "NUT"
  revision = "dc91dec6313ae4db53481bf3b29cf6b94bf80357"

[[projects]]
  digest = "1:919fc2a81add8ac4a7a236dceaf3e4c29ba4df96d13c3f2ce13a4d0132ebefb8"
  name = "github.com/ugorji/go"
  packages = ["codec"]
  pruneopts = "NUT"
  revision = "b4c50a2b199d93b13dc15e78929cfb23bfdf21ab"
  version = "v1.1.1"

[[projects]]
  branch = "master"
  digest = "1:e8a7e74fac1ad39ecaef7f4004feeecd8514cef5b0e49ba306b11ff1770d0233"
  name = "golang.org/x/crypto"
  packages = [
    "curve25519",
    "ed25519",
    "ed25519/internal/edwards25519",
    "internal/subtle",
    "nacl/box",
    "nacl/secretbox",
    "openpgp/armor",
    "openpgp/errors",
    "pbkdf2",
    "poly1305",
    "ripemd160",
    "salsa20/salsa",
    "scrypt",
  ]
  pruneopts = "NUT"
  revision = "a2144134853fc9a27a7b1e3eb4f19f1a76df13c9"

[[projects]]
  branch = "master"
  digest = "1:aff6bfa566fe11b7745f2251e41796b40f4734e163fc683098792cdf848673cf"
  name = "golang.org/x/net"
  packages = [
    "context",
    "http/httpguts",
    "http2",
    "http2/hpack",
    "idna",
    "internal/timeseries",
    "trace",
  ]
  pruneopts = "NUT"
  revision = "a680a1efc54dd51c040b3b5ce4939ea3cf2ea0d1"

[[projects]]
  branch = "master"
  digest = "1:225c580a224abd8f5539526b5059e4286a1f7268352a7715642bc66579fbac7a"
  name = "golang.org/x/sys"
  packages = [
    "cpu",
    "unix",
  ]
  pruneopts = "NUT"
  revision = "ac767d655b305d4e9612f5f6e33120b9176c4ad4"

[[projects]]
  digest = "1:a0f29009397dc27c9dc8440f0945d49e5cbb9b72d0b0fc745474d9bfdea2d9f8"
  name = "golang.org/x/text"
  packages = [
    "collate",
    "collate/build",
    "internal/colltab",
    "internal/gen",
    "internal/tag",
    "internal/triegen",
    "internal/ucd",
    "language",
    "secure/bidirule",
    "transform",
    "unicode/bidi",
    "unicode/cldr",
    "unicode/norm",
    "unicode/rangetable",
  ]
  pruneopts = "NUT"
  revision = "f21a4dfb5e38f5895301dc265a8def02365cc3d0"
  version = "v0.3.0"

[[projects]]
  branch = "master"
  digest = "1:601e63e7d4577f907118bec825902505291918859d223bce015539e79f1160e3"
  name = "google.golang.org/genproto"
  packages = ["googleapis/rpc/status"]
  pruneopts = "NUT"
  revision = "fedd2861243fd1a8152376292b921b394c7bef7e"

[[projects]]
  digest = "1:f778941d5c2e46da5e0f5d553d3e80bf70eb40d2e80bb4c649b625b9133f3d5f"
  name = "google.golang.org/grpc"
  packages = [
    ".",
    "balancer",
    "balancer/base",
    "balancer/roundrobin",
    "codes",
    "connectivity",
    "credentials",
    "encoding",
    "encoding/proto",
    "grpclog",
    "internal",
    "internal/backoff",
    "internal/channelz",
    "internal/grpcrand",
    "keepalive",
    "metadata",
    "naming",
    "peer",
    "resolver",
    "resolver/dns",
    "resolver/passthrough",
    "stats",
    "status",
    "tap",
    "transport",
  ]
  pruneopts = "NUT"
  revision = "168a6198bcb0ef175f7dacec0b8691fc141dc9b8"
  version = "v1.13.0"

[[projects]]
  digest = "1:0215407129c5f116ae8f6d3af64df59c39d3f606a72ef77a1e6ed874f92a8d9c"
  name = "gopkg.in/go-playground/validator.v8"
  packages = ["."]
  pruneopts = "NUT"
  revision = "5f1438d3fca68893a817e4a66806cea46a9e4ebf"
  version = "v8.18.2"

[[projects]]
  digest = "1:df3d534f7b987f63a7076f86d9a2abd1c3f10d0236245405ba5cbb376511f80e"
  name = "gopkg.in/tylerb/graceful.v1"
  packages = ["."]
  pruneopts = "NUT"
  revision = "4654dfbb6ad53cb5e27f37d99b02e16c1872fbbb"
  version = "v1.2.15"

[[projects]]
  digest = "1:7c95b35057a0ff2e19f707173cc1a947fa43a6eb5c4d300d196ece0334046082"
  name = "gopkg.in/yaml.v2"
  packages = ["."]
  pruneopts = "NUT"
  revision = "5420a8b6744d3b0345ab293f6fcba19c978f1183"
  version = "v2.2.1"

[solve-meta]
  analyzer-name = "dep"
  analyzer-version = 1
  input-imports = [
    "github.com/BurntSushi/toml",
    "github.com/gin-gonic/gin",
    "github.com/go-kit/kit/log",
    "github.com/hyperledger/burrow/account",
    "github.com/hyperledger/burrow/binary",
    "github.com/hyperledger/burrow/crypto",
    "github.com/hyperledger/burrow/execution/evm",
    "github.com/hyperledger/burrow/logging",
    "github.com/hyperledger/burrow/logging/config",
    "github.com/hyperledger/burrow/logging/lifecycle",
    "github.com/hyperledger/burrow/logging/structure",
    "github.com/hyperledger/burrow/permission/types",
    "github.com/jawher/mow.cli",
    "github.com/mr-tron/base58/base58",
    "github.com/pkg/errors",
    "github.com/stretchr/testify/assert",
    "github.com/stretchr/testify/require",
    "github.com/tendermint/abci/types",
    "github.com/tendermint/go-amino",
    "github.com/tendermint/go-crypto",
    "github.com/tendermint/iavl",
    "github.com/tendermint/tendermint/config",
    "github.com/tendermint/tendermint/consensus",
    "github.com/tendermint/tendermint/consensus/types",
    "github.com/tendermint/tendermint/node",
    "github.com/tendermint/tendermint/p2p",
    "github.com/tendermint/tendermint/proxy",
    "github.com/tendermint/tendermint/rpc/core",
    "github.com/tendermint/tendermint/rpc/core/types",
    "github.com/tendermint/tendermint/state",
    "github.com/tendermint/tendermint/types",
    "github.com/tendermint/tmlibs/common",
    "github.com/tendermint/tmlibs/db",
    "github.com/tendermint/tmlibs/log",
    "github.com/tmthrgd/go-hex",
    "github.com/tommy351/gin-cors",
    "golang.org/x/crypto/ed25519",
    "golang.org/x/crypto/ripemd160",
    "gopkg.in/tylerb/graceful.v1",
  ]
  solver-name = "gps-cdcl"
  solver-version = 1
